
Microsoft Visual Studio Solution File, Format Version 12.00
# Visual Studio Version 16
VisualStudioVersion = 16.0.30204.135
MinimumVisualStudioVersion = 10.0.40219.1
Project("{FAE04EC0-301F-11D3-BF4B-00C04F79EFBC}") = "UI", "UI\UI.csproj", "{FE7EB3C8-E602-4E09-A9C6-D739F6433C56}"
EndProject
Project("{FAE04EC0-301F-11D3-BF4B-00C04F79EFBC}") = "Logic", "Logic\Logic.csproj", "{1ACD8F18-0C9A-4898-BB80-168C5DDC697C}"
EndProject
Global
	GlobalSection(SolutionConfigurationPlatforms) = preSolution
		Debug|Any CPU = Debug|Any CPU
		Release|Any CPU = Release|Any CPU
	EndGlobalSection
	GlobalSection(ProjectConfigurationPlatforms) = postSolution
		{FE7EB3C8-E602-4E09-A9C6-D739F6433C56}.Debug|Any CPU.ActiveCfg = Debug|Any CPU
		{FE7EB3C8-E602-4E09-A9C6-D739F6433C56}.Debug|Any CPU.Build.0 = Debug|Any CPU
		{FE7EB3C8-E602-4E09-A9C6-D739F6433C56}.Release|Any CPU.ActiveCfg = Release|Any CPU
		{FE7EB3C8-E602-4E09-A9C6-D739F6433C56}.Release|Any CPU.Build.0 = Release|Any CPU
		{1ACD8F18-0C9A-4898-BB80-168C5DDC697C}.Debug|Any CPU.ActiveCfg = Debug|Any CPU
		{1ACD8F18-0C9A-4898-BB80-168C5DDC697C}.Debug|Any CPU.Build.0 = Debug|Any CPU
		{1ACD8F18-0C9A-4898-BB80-168C5DDC697C}.Release|Any CPU.ActiveCfg = Release|Any CPU
		{1ACD8F18-0C9A-4898-BB80-168C5DDC697C}.Release|Any CPU.Build.0 = Release|Any CPU
	EndGlobalSection
	GlobalSection(SolutionProperties) = preSolution
		HideSolutionNode = FALSE
	EndGlobalSection
	GlobalSection(ExtensibilityGlobals) = postSolution
		SolutionGuid = {0F330AC2-E5CC-4140-B1DE-AEB219EF3D7F}
	EndGlobalSection
EndGlobal
